
Microsoft Visual Studio Solution File, Format Version 12.00
# Visual Studio Version 16
VisualStudioVersion = 16.0.30204.135
MinimumVisualStudioVersion = 10.0.40219.1
Project("{FAE04EC0-301F-11D3-BF4B-00C04F79EFBC}") = "WebApplication", "WebApplication\WebApplication.csproj", "{6E4BEA72-373A-4A0B-9E95-FCE2E0F70858}"
EndProject
Global
	GlobalSection(SolutionConfigurationPlatforms) = preSolution
		Debug|Any CPU = Debug|Any CPU
		Release|Any CPU = Release|Any CPU
	EndGlobalSection
	GlobalSection(ProjectConfigurationPlatforms) = postSolution
		{6E4BEA72-373A-4A0B-9E95-FCE2E0F70858}.Debug|Any CPU.ActiveCfg = Debug|Any CPU
		{6E4BEA72-373A-4A0B-9E95-FCE2E0F70858}.Debug|Any CPU.Build.0 = Debug|Any CPU
		{6E4BEA72-373A-4A0B-9E95-FCE2E0F70858}.Release|Any CPU.ActiveCfg = Release|Any CPU
		{6E4BEA72-373A-4A0B-9E95-FCE2E0F70858}.Release|Any CPU.Build.0 = Release|Any CPU
	EndGlobalSection
	GlobalSection(SolutionProperties) = preSolution
		HideSolutionNode = FALSE
	EndGlobalSection
	GlobalSection(ExtensibilityGlobals) = postSolution
		SolutionGuid = {3534EBB6-034F-4299-939B-C75D57214538}
	EndGlobalSection
EndGlobal
